
Microsoft Visual Studio Solution File, Format Version 12.00
# Visual Studio Version 17
VisualStudioVersion = 17.1.32421.90
MinimumVisualStudioVersion = 10.0.40219.1
Project("{FAE04EC0-301F-11D3-BF4B-00C04F79EFBC}") = "MyTestApplication", "DXApplication1\MyTestApplication.csproj", "{C4B85AAB-6D73-45B9-B32B-4D4B7AC575AA}"
EndProject
Global
	GlobalSection(SolutionConfigurationPlatforms) = preSolution
		Debug|Any CPU = Debug|Any CPU
		Release|Any CPU = Release|Any CPU
	EndGlobalSection
	GlobalSection(ProjectConfigurationPlatforms) = postSolution
		{C4B85AAB-6D73-45B9-B32B-4D4B7AC575AA}.Debug|Any CPU.ActiveCfg = Debug|Any CPU
		{C4B85AAB-6D73-45B9-B32B-4D4B7AC575AA}.Debug|Any CPU.Build.0 = Debug|Any CPU
		{C4B85AAB-6D73-45B9-B32B-4D4B7AC575AA}.Release|Any CPU.ActiveCfg = Release|Any CPU
		{C4B85AAB-6D73-45B9-B32B-4D4B7AC575AA}.Release|Any CPU.Build.0 = Release|Any CPU
	EndGlobalSection
	GlobalSection(SolutionProperties) = preSolution
		HideSolutionNode = FALSE
	EndGlobalSection
	GlobalSection(ExtensibilityGlobals) = postSolution
		SolutionGuid = {F44C0965-8CE6-4F66-815D-75ACA7BBC60D}
	EndGlobalSection
EndGlobal
